
Microsoft Visual Studio Solution File, Format Version 12.00
# Visual Studio 14
VisualStudioVersion = 14.0.24720.0
MinimumVisualStudioVersion = 10.0.40219.1
Project("{FAE04EC0-301F-11D3-BF4B-00C04F79EFBC}") = "ServiceDebugger", "ServiceDebugger.csproj", "{DFDE3079-2822-4C47-8139-ED005B489646}"
EndProject
Project("{FAE04EC0-301F-11D3-BF4B-00C04F79EFBC}") = "TestService", "TestService\TestService.csproj", "{3642FD5D-7130-41A3-B660-B2102B83D0DA}"
EndProject
Global
	GlobalSection(SolutionConfigurationPlatforms) = preSolution
		Debug|Any CPU = Debug|Any CPU
		Release|Any CPU = Release|Any CPU
	EndGlobalSection
	GlobalSection(ProjectConfigurationPlatforms) = postSolution
		{DFDE3079-2822-4C47-8139-ED005B489646}.Debug|Any CPU.ActiveCfg = Debug|Any CPU
		{DFDE3079-2822-4C47-8139-ED005B489646}.Debug|Any CPU.Build.0 = Debug|Any CPU
		{DFDE3079-2822-4C47-8139-ED005B489646}.Release|Any CPU.ActiveCfg = Release|Any CPU
		{DFDE3079-2822-4C47-8139-ED005B489646}.Release|Any CPU.Build.0 = Release|Any CPU
		{3642FD5D-7130-41A3-B660-B2102B83D0DA}.Debug|Any CPU.ActiveCfg = Debug|Any CPU
		{3642FD5D-7130-41A3-B660-B2102B83D0DA}.Debug|Any CPU.Build.0 = Debug|Any CPU
		{3642FD5D-7130-41A3-B660-B2102B83D0DA}.Release|Any CPU.ActiveCfg = Release|Any CPU
		{3642FD5D-7130-41A3-B660-B2102B83D0DA}.Release|Any CPU.Build.0 = Release|Any CPU
	EndGlobalSection
	GlobalSection(SolutionProperties) = preSolution
		HideSolutionNode = FALSE
	EndGlobalSection
EndGlobal
